
Microsoft Visual Studio Solution File, Format Version 12.00
# Visual Studio Version 16
VisualStudioVersion = 16.0.33920.266
MinimumVisualStudioVersion = 10.0.40219.1
Project("{FAE04EC0-301F-11D3-BF4B-00C04F79EFBC}") = "API_Tester", "API_Tester\API_Tester.csproj", "{0E86AD24-9EEC-4B7A-A545-2A78845D3370}"
EndProject
Global
	GlobalSection(SolutionConfigurationPlatforms) = preSolution
		Debug|Any CPU = Debug|Any CPU
		Release|Any CPU = Release|Any CPU
	EndGlobalSection
	GlobalSection(ProjectConfigurationPlatforms) = postSolution
		{0E86AD24-9EEC-4B7A-A545-2A78845D3370}.Debug|Any CPU.ActiveCfg = Debug|Any CPU
		{0E86AD24-9EEC-4B7A-A545-2A78845D3370}.Debug|Any CPU.Build.0 = Debug|Any CPU
		{0E86AD24-9EEC-4B7A-A545-2A78845D3370}.Release|Any CPU.ActiveCfg = Release|Any CPU
		{0E86AD24-9EEC-4B7A-A545-2A78845D3370}.Release|Any CPU.Build.0 = Release|Any CPU
	EndGlobalSection
	GlobalSection(SolutionProperties) = preSolution
		HideSolutionNode = FALSE
	EndGlobalSection
	GlobalSection(ExtensibilityGlobals) = postSolution
		SolutionGuid = {47E70993-C592-432C-B9BD-D210D86BE8E6}
	EndGlobalSection
EndGlobal
